// !$*UTF8*$!
{
	archiveVersion = 1;
	classes = {
	};
	objectVersion = 55;
	objects = {

/* Begin PBXBuildFile section */
		07A09516BF3F53354671E709 /* Pods_IntraZeroTaskTests.framework in Frameworks */ = {isa = PBXBuildFile; fileRef = 5446B78D8E734F078CEF2604 /* Pods_IntraZeroTaskTests.framework */; };
		646C39EECAE004B811E59B6C /* Pods_IntraZeroTask.framework in Frameworks */ = {isa = PBXBuildFile; fileRef = 0123F9C2BBEF3F31BE32F203 /* Pods_IntraZeroTask.framework */; };
		9B6BBFFF28AD3FC600FB597C /* DependencyProvider.swift in Sources */ = {isa = PBXBuildFile; fileRef = 9B6BBFFE28AD3FC600FB597C /* DependencyProvider.swift */; };
		9B92645B28A5AE9800B1BA7F /* IntraZeroTaskApp.swift in Sources */ = {isa = PBXBuildFile; fileRef = 9B92645A28A5AE9800B1BA7F /* IntraZeroTaskApp.swift */; };
		9B92645D28A5AE9800B1BA7F /* ContentView.swift in Sources */ = {isa = PBXBuildFile; fileRef = 9B92645C28A5AE9800B1BA7F /* ContentView.swift */; };
		9B92645F28A5AE9C00B1BA7F /* Assets.xcassets in Resources */ = {isa = PBXBuildFile; fileRef = 9B92645E28A5AE9C00B1BA7F /* Assets.xcassets */; };
		9B92646228A5AE9C00B1BA7F /* Preview Assets.xcassets in Resources */ = {isa = PBXBuildFile; fileRef = 9B92646128A5AE9C00B1BA7F /* Preview Assets.xcassets */; };
		9B92646C28A5AE9D00B1BA7F /* IntraZeroTaskTests.swift in Sources */ = {isa = PBXBuildFile; fileRef = 9B92646B28A5AE9D00B1BA7F /* IntraZeroTaskTests.swift */; };
		9B92647628A5AE9D00B1BA7F /* IntraZeroTaskUITests.swift in Sources */ = {isa = PBXBuildFile; fileRef = 9B92647528A5AE9D00B1BA7F /* IntraZeroTaskUITests.swift */; };
		9B92647828A5AE9D00B1BA7F /* IntraZeroTaskUITestsLaunchTests.swift in Sources */ = {isa = PBXBuildFile; fileRef = 9B92647728A5AE9D00B1BA7F /* IntraZeroTaskUITestsLaunchTests.swift */; };
		9B92648728A5AF0300B1BA7F /* PhotoListView.swift in Sources */ = {isa = PBXBuildFile; fileRef = 9B92648628A5AF0300B1BA7F /* PhotoListView.swift */; };
		9B92648A28A5AF3500B1BA7F /* PhotosListViewModel.swift in Sources */ = {isa = PBXBuildFile; fileRef = 9B92648928A5AF3500B1BA7F /* PhotosListViewModel.swift */; };
		9B92648E28A5AFCC00B1BA7F /* PhotosDetails.swift in Sources */ = {isa = PBXBuildFile; fileRef = 9B92648D28A5AFCC00B1BA7F /* PhotosDetails.swift */; };
		9B92649128A5AFFD00B1BA7F /* PhotosDetailsViewModel.swift in Sources */ = {isa = PBXBuildFile; fileRef = 9B92649028A5AFFD00B1BA7F /* PhotosDetailsViewModel.swift */; };
		9B92649728A5B0F700B1BA7F /* BaseAPI.swift in Sources */ = {isa = PBXBuildFile; fileRef = 9B92649628A5B0F700B1BA7F /* BaseAPI.swift */; };
		9B92649928A5B12E00B1BA7F /* TargetType.swift in Sources */ = {isa = PBXBuildFile; fileRef = 9B92649828A5B12E00B1BA7F /* TargetType.swift */; };
		9B92649C28A5B18800B1BA7F /* NetworkRequest.swift in Sources */ = {isa = PBXBuildFile; fileRef = 9B92649B28A5B18800B1BA7F /* NetworkRequest.swift */; };
		9B92649E28A5B1FA00B1BA7F /* NetworkAPI.swift in Sources */ = {isa = PBXBuildFile; fileRef = 9B92649D28A5B1FA00B1BA7F /* NetworkAPI.swift */; };
		9B9264A128A5B29000B1BA7F /* PersistenceController.swift in Sources */ = {isa = PBXBuildFile; fileRef = 9B9264A028A5B29000B1BA7F /* PersistenceController.swift */; };
		9B9264A428A5B2BA00B1BA7F /* Stash.xcdatamodeld in Sources */ = {isa = PBXBuildFile; fileRef = 9B9264A228A5B2BA00B1BA7F /* Stash.xcdatamodeld */; };
		9B9264A728A5B36B00B1BA7F /* Photo.swift in Sources */ = {isa = PBXBuildFile; fileRef = 9B9264A628A5B36B00B1BA7F /* Photo.swift */; };
		9B9ECA4128AC304F00E36D3A /* ViewDidLoadModifer.swift in Sources */ = {isa = PBXBuildFile; fileRef = 9B9ECA4028AC304F00E36D3A /* ViewDidLoadModifer.swift */; };
		9BA6F6AD28A97E64006E37C7 /* SplashScreenView.swift in Sources */ = {isa = PBXBuildFile; fileRef = 9BA6F6AC28A97E64006E37C7 /* SplashScreenView.swift */; };
		9BACFD1128A9155900FB0153 /* Network Manager.swift in Sources */ = {isa = PBXBuildFile; fileRef = 9BACFD1028A9155900FB0153 /* Network Manager.swift */; };
		9BACFD1628A9721900FB0153 /* advertisingView.swift in Sources */ = {isa = PBXBuildFile; fileRef = 9BACFD1528A9721900FB0153 /* advertisingView.swift */; };
		F5B6B8B6D1ADC512F3F4ACDA /* Pods_IntraZeroTask_IntraZeroTaskUITests.framework in Frameworks */ = {isa = PBXBuildFile; fileRef = 9A4B52FCDB3D7B3E1275968D /* Pods_IntraZeroTask_IntraZeroTaskUITests.framework */; };
/* End PBXBuildFile section */

/* Begin PBXContainerItemProxy section */
		9B92646828A5AE9D00B1BA7F /* PBXContainerItemProxy */ = {
			isa = PBXContainerItemProxy;
			containerPortal = 9B92644F28A5AE9800B1BA7F /* Project object */;
			proxyType = 1;
			remoteGlobalIDString = 9B92645628A5AE9800B1BA7F;
			remoteInfo = IntraZeroTask;
		};
		9B92647228A5AE9D00B1BA7F /* PBXContainerItemProxy */ = {
			isa = PBXContainerItemProxy;
			containerPortal = 9B92644F28A5AE9800B1BA7F /* Project object */;
			proxyType = 1;
			remoteGlobalIDString = 9B92645628A5AE9800B1BA7F;
			remoteInfo = IntraZeroTask;
		};
/* End PBXContainerItemProxy section */

/* Begin PBXFileReference section */
		0123F9C2BBEF3F31BE32F203 /* Pods_IntraZeroTask.framework */ = {isa = PBXFileReference; explicitFileType = wrapper.framework; includeInIndex = 0; path = Pods_IntraZeroTask.framework; sourceTree = BUILT_PRODUCTS_DIR; };
		3479A6BDBF8C3D55C0FE580B /* Pods-IntraZeroTaskTests.debug.xcconfig */ = {isa = PBXFileReference; includeInIndex = 1; lastKnownFileType = text.xcconfig; name = "Pods-IntraZeroTaskTests.debug.xcconfig"; path = "Target Support Files/Pods-IntraZeroTaskTests/Pods-IntraZeroTaskTests.debug.xcconfig"; sourceTree = "<group>"; };
		3AC0E44EF6199E6F65EF37BE /* Pods-IntraZeroTask-IntraZeroTaskUITests.debug.xcconfig */ = {isa = PBXFileReference; includeInIndex = 1; lastKnownFileType = text.xcconfig; name = "Pods-IntraZeroTask-IntraZeroTaskUITests.debug.xcconfig"; path = "Target Support Files/Pods-IntraZeroTask-IntraZeroTaskUITests/Pods-IntraZeroTask-IntraZeroTaskUITests.debug.xcconfig"; sourceTree = "<group>"; };
		45EC032F94BC02CE07A7B134 /* Pods-IntraZeroTask.release.xcconfig */ = {isa = PBXFileReference; includeInIndex = 1; lastKnownFileType = text.xcconfig; name = "Pods-IntraZeroTask.release.xcconfig"; path = "Target Support Files/Pods-IntraZeroTask/Pods-IntraZeroTask.release.xcconfig"; sourceTree = "<group>"; };
		5446B78D8E734F078CEF2604 /* Pods_IntraZeroTaskTests.framework */ = {isa = PBXFileReference; explicitFileType = wrapper.framework; includeInIndex = 0; path = Pods_IntraZeroTaskTests.framework; sourceTree = BUILT_PRODUCTS_DIR; };
		54B538F0F4B6D92D16FCF38F /* Pods-IntraZeroTask.debug.xcconfig */ = {isa = PBXFileReference; includeInIndex = 1; lastKnownFileType = text.xcconfig; name = "Pods-IntraZeroTask.debug.xcconfig"; path = "Target Support Files/Pods-IntraZeroTask/Pods-IntraZeroTask.debug.xcconfig"; sourceTree = "<group>"; };
		9A4B52FCDB3D7B3E1275968D /* Pods_IntraZeroTask_IntraZeroTaskUITests.framework */ = {isa = PBXFileReference; explicitFileType = wrapper.framework; includeInIndex = 0; path = Pods_IntraZeroTask_IntraZeroTaskUITests.framework; sourceTree = BUILT_PRODUCTS_DIR; };
		9B6BBFFE28AD3FC600FB597C /* DependencyProvider.swift */ = {isa = PBXFileReference; lastKnownFileType = sourcecode.swift; path = DependencyProvider.swift; sourceTree = "<group>"; };
		9B92645728A5AE9800B1BA7F /* IntraZeroTask.app */ = {isa = PBXFileReference; explicitFileType = wrapper.application; includeInIndex = 0; path = IntraZeroTask.app; sourceTree = BUILT_PRODUCTS_DIR; };
		9B92645A28A5AE9800B1BA7F /* IntraZeroTaskApp.swift */ = {isa = PBXFileReference; lastKnownFileType = sourcecode.swift; path = IntraZeroTaskApp.swift; sourceTree = "<group>"; };
		9B92645C28A5AE9800B1BA7F /* ContentView.swift */ = {isa = PBXFileReference; lastKnownFileType = sourcecode.swift; path = ContentView.swift; sourceTree = "<group>"; };
		9B92645E28A5AE9C00B1BA7F /* Assets.xcassets */ = {isa = PBXFileReference; lastKnownFileType = folder.assetcatalog; path = Assets.xcassets; sourceTree = "<group>"; };
		9B92646128A5AE9C00B1BA7F /* Preview Assets.xcassets */ = {isa = PBXFileReference; lastKnownFileType = folder.assetcatalog; path = "Preview Assets.xcassets"; sourceTree = "<group>"; };
		9B92646728A5AE9D00B1BA7F /* IntraZeroTaskTests.xctest */ = {isa = PBXFileReference; explicitFileType = wrapper.cfbundle; includeInIndex = 0; path = IntraZeroTaskTests.xctest; sourceTree = BUILT_PRODUCTS_DIR; };
		9B92646B28A5AE9D00B1BA7F /* IntraZeroTaskTests.swift */ = {isa = PBXFileReference; lastKnownFileType = sourcecode.swift; path = IntraZeroTaskTests.swift; sourceTree = "<group>"; };
		9B92647128A5AE9D00B1BA7F /* IntraZeroTaskUITests.xctest */ = {isa = PBXFileReference; explicitFileType = wrapper.cfbundle; includeInIndex = 0; path = IntraZeroTaskUITests.xctest; sourceTree = BUILT_PRODUCTS_DIR; };
		9B92647528A5AE9D00B1BA7F /* IntraZeroTaskUITests.swift */ = {isa = PBXFileReference; lastKnownFileType = sourcecode.swift; path = IntraZeroTaskUITests.swift; sourceTree = "<group>"; };
		9B92647728A5AE9D00B1BA7F /* IntraZeroTaskUITestsLaunchTests.swift */ = {isa = PBXFileReference; lastKnownFileType = sourcecode.swift; path = IntraZeroTaskUITestsLaunchTests.swift; sourceTree = "<group>"; };
		9B92648628A5AF0300B1BA7F /* PhotoListView.swift */ = {isa = PBXFileReference; lastKnownFileType = sourcecode.swift; path = PhotoListView.swift; sourceTree = "<group>"; };
		9B92648928A5AF3500B1BA7F /* PhotosListViewModel.swift */ = {isa = PBXFileReference; lastKnownFileType = sourcecode.swift; path = PhotosListViewModel.swift; sourceTree = "<group>"; };
		9B92648D28A5AFCC00B1BA7F /* PhotosDetails.swift */ = {isa = PBXFileReference; lastKnownFileType = sourcecode.swift; path = PhotosDetails.swift; sourceTree = "<group>"; };
		9B92649028A5AFFD00B1BA7F /* PhotosDetailsViewModel.swift */ = {isa = PBXFileReference; lastKnownFileType = sourcecode.swift; path = PhotosDetailsViewModel.swift; sourceTree = "<group>"; };
		9B92649628A5B0F700B1BA7F /* BaseAPI.swift */ = {isa = PBXFileReference; lastKnownFileType = sourcecode.swift; path = BaseAPI.swift; sourceTree = "<group>"; };
		9B92649828A5B12E00B1BA7F /* TargetType.swift */ = {isa = PBXFileReference; lastKnownFileType = sourcecode.swift; path = TargetType.swift; sourceTree = "<group>"; };
		9B92649B28A5B18800B1BA7F /* NetworkRequest.swift */ = {isa = PBXFileReference; lastKnownFileType = sourcecode.swift; path = NetworkRequest.swift; sourceTree = "<group>"; };
		9B92649D28A5B1FA00B1BA7F /* NetworkAPI.swift */ = {isa = PBXFileReference; lastKnownFileType = sourcecode.swift; path = NetworkAPI.swift; sourceTree = "<group>"; };
		9B9264A028A5B29000B1BA7F /* PersistenceController.swift */ = {isa = PBXFileReference; lastKnownFileType = sourcecode.swift; path = PersistenceController.swift; sourceTree = "<group>"; };
		9B9264A328A5B2BA00B1BA7F /* Stash.xcdatamodel */ = {isa = PBXFileReference; lastKnownFileType = wrapper.xcdatamodel; path = Stash.xcdatamodel; sourceTree = "<group>"; };
		9B9264A628A5B36B00B1BA7F /* Photo.swift */ = {isa = PBXFileReference; lastKnownFileType = sourcecode.swift; path = Photo.swift; sourceTree = "<group>"; };
		9B9ECA4028AC304F00E36D3A /* ViewDidLoadModifer.swift */ = {isa = PBXFileReference; lastKnownFileType = sourcecode.swift; path = ViewDidLoadModifer.swift; sourceTree = "<group>"; };
		9BA6F6AC28A97E64006E37C7 /* SplashScreenView.swift */ = {isa = PBXFileReference; lastKnownFileType = sourcecode.swift; path = SplashScreenView.swift; sourceTree = "<group>"; };
		9BACFD1028A9155900FB0153 /* Network Manager.swift */ = {isa = PBXFileReference; lastKnownFileType = sourcecode.swift; path = "Network Manager.swift"; sourceTree = "<group>"; };
		9BACFD1528A9721900FB0153 /* advertisingView.swift */ = {isa = PBXFileReference; lastKnownFileType = sourcecode.swift; path = advertisingView.swift; sourceTree = "<group>"; };
		9F52803DE794A69CB9EE4729 /* Pods-IntraZeroTaskTests.release.xcconfig */ = {isa = PBXFileReference; includeInIndex = 1; lastKnownFileType = text.xcconfig; name = "Pods-IntraZeroTaskTests.release.xcconfig"; path = "Target Support Files/Pods-IntraZeroTaskTests/Pods-IntraZeroTaskTests.release.xcconfig"; sourceTree = "<group>"; };
		E1DF6CA0A9163A92456C4932 /* Pods-IntraZeroTask-IntraZeroTaskUITests.release.xcconfig */ = {isa = PBXFileReference; includeInIndex = 1; lastKnownFileType = text.xcconfig; name = "Pods-IntraZeroTask-IntraZeroTaskUITests.release.xcconfig"; path = "Target Support Files/Pods-IntraZeroTask-IntraZeroTaskUITests/Pods-IntraZeroTask-IntraZeroTaskUITests.release.xcconfig"; sourceTree = "<group>"; };
/* End PBXFileReference section */

/* Begin PBXFrameworksBuildPhase section */
		9B92645428A5AE9800B1BA7F /* Frameworks */ = {
			isa = PBXFrameworksBuildPhase;
			buildActionMask = 2147483647;
			files = (
				646C39EECAE004B811E59B6C /* Pods_IntraZeroTask.framework in Frameworks */,
			);
			runOnlyForDeploymentPostprocessing = 0;
		};
		9B92646428A5AE9D00B1BA7F /* Frameworks */ = {
			isa = PBXFrameworksBuildPhase;
			buildActionMask = 2147483647;
			files = (
				07A09516BF3F53354671E709 /* Pods_IntraZeroTaskTests.framework in Frameworks */,
			);
			runOnlyForDeploymentPostprocessing = 0;
		};
		9B92646E28A5AE9D00B1BA7F /* Frameworks */ = {
			isa = PBXFrameworksBuildPhase;
			buildActionMask = 2147483647;
			files = (
				F5B6B8B6D1ADC512F3F4ACDA /* Pods_IntraZeroTask_IntraZeroTaskUITests.framework in Frameworks */,
			);
			runOnlyForDeploymentPostprocessing = 0;
		};
/* End PBXFrameworksBuildPhase section */

/* Begin PBXGroup section */
		009CC3C5B7EEE94D02CF7233 /* Pods */ = {
			isa = PBXGroup;
			children = (
				54B538F0F4B6D92D16FCF38F /* Pods-IntraZeroTask.debug.xcconfig */,
				45EC032F94BC02CE07A7B134 /* Pods-IntraZeroTask.release.xcconfig */,
				3AC0E44EF6199E6F65EF37BE /* Pods-IntraZeroTask-IntraZeroTaskUITests.debug.xcconfig */,
				E1DF6CA0A9163A92456C4932 /* Pods-IntraZeroTask-IntraZeroTaskUITests.release.xcconfig */,
				3479A6BDBF8C3D55C0FE580B /* Pods-IntraZeroTaskTests.debug.xcconfig */,
				9F52803DE794A69CB9EE4729 /* Pods-IntraZeroTaskTests.release.xcconfig */,
			);
			path = Pods;
			sourceTree = "<group>";
		};
		9486E678C3004AF7BDA42E95 /* Frameworks */ = {
			isa = PBXGroup;
			children = (
				0123F9C2BBEF3F31BE32F203 /* Pods_IntraZeroTask.framework */,
				9A4B52FCDB3D7B3E1275968D /* Pods_IntraZeroTask_IntraZeroTaskUITests.framework */,
				5446B78D8E734F078CEF2604 /* Pods_IntraZeroTaskTests.framework */,
			);
			name = Frameworks;
			sourceTree = "<group>";
		};
		9B6BBFFC28AD3F7200FB597C /* Utils */ = {
			isa = PBXGroup;
			children = (
				9B9ECA3F28AC303500E36D3A /* ViewDidLoad */,
				9B6BBFFD28AD3F9E00FB597C /* DependencyProvider */,
			);
			path = Utils;
			sourceTree = "<group>";
		};
		9B6BBFFD28AD3F9E00FB597C /* DependencyProvider */ = {
			isa = PBXGroup;
			children = (
				9B6BBFFE28AD3FC600FB597C /* DependencyProvider.swift */,
			);
			path = DependencyProvider;
			sourceTree = "<group>";
		};
		9B92644E28A5AE9800B1BA7F = {
			isa = PBXGroup;
			children = (
				9B92645928A5AE9800B1BA7F /* IntraZeroTask */,
				9B92646A28A5AE9D00B1BA7F /* IntraZeroTaskTests */,
				9B92647428A5AE9D00B1BA7F /* IntraZeroTaskUITests */,
				9B92645828A5AE9800B1BA7F /* Products */,
				009CC3C5B7EEE94D02CF7233 /* Pods */,
				9486E678C3004AF7BDA42E95 /* Frameworks */,
			);
			sourceTree = "<group>";
		};
		9B92645828A5AE9800B1BA7F /* Products */ = {
			isa = PBXGroup;
			children = (
				9B92645728A5AE9800B1BA7F /* IntraZeroTask.app */,
				9B92646728A5AE9D00B1BA7F /* IntraZeroTaskTests.xctest */,
				9B92647128A5AE9D00B1BA7F /* IntraZeroTaskUITests.xctest */,
			);
			name = Products;
			sourceTree = "<group>";
		};
		9B92645928A5AE9800B1BA7F /* IntraZeroTask */ = {
			isa = PBXGroup;
			children = (
				9B6BBFFC28AD3F7200FB597C /* Utils */,
				9B9264A528A5B35500B1BA7F /* Model */,
				9B92649328A5B04800B1BA7F /* Services */,
				9B92649228A5B03500B1BA7F /* Views */,
				9B92645A28A5AE9800B1BA7F /* IntraZeroTaskApp.swift */,
				9B92645C28A5AE9800B1BA7F /* ContentView.swift */,
				9B92645E28A5AE9C00B1BA7F /* Assets.xcassets */,
				9B92646028A5AE9C00B1BA7F /* Preview Content */,
			);
			path = IntraZeroTask;
			sourceTree = "<group>";
		};
		9B92646028A5AE9C00B1BA7F /* Preview Content */ = {
			isa = PBXGroup;
			children = (
				9B92646128A5AE9C00B1BA7F /* Preview Assets.xcassets */,
			);
			path = "Preview Content";
			sourceTree = "<group>";
		};
		9B92646A28A5AE9D00B1BA7F /* IntraZeroTaskTests */ = {
			isa = PBXGroup;
			children = (
				9B92646B28A5AE9D00B1BA7F /* IntraZeroTaskTests.swift */,
			);
			path = IntraZeroTaskTests;
			sourceTree = "<group>";
		};
		9B92647428A5AE9D00B1BA7F /* IntraZeroTaskUITests */ = {
			isa = PBXGroup;
			children = (
				9B92647528A5AE9D00B1BA7F /* IntraZeroTaskUITests.swift */,
				9B92647728A5AE9D00B1BA7F /* IntraZeroTaskUITestsLaunchTests.swift */,
			);
			path = IntraZeroTaskUITests;
			sourceTree = "<group>";
		};
		9B92648428A5AEC100B1BA7F /* PhotosList */ = {
			isa = PBXGroup;
			children = (
				9B92648828A5AF0E00B1BA7F /* PhotosListViewModel */,
				9B92648528A5AED400B1BA7F /* PhotosListView */,
			);
			path = PhotosList;
			sourceTree = "<group>";
		};
		9B92648528A5AED400B1BA7F /* PhotosListView */ = {
			isa = PBXGroup;
			children = (
				9B92648628A5AF0300B1BA7F /* PhotoListView.swift */,
				9BACFD1528A9721900FB0153 /* advertisingView.swift */,
			);
			path = PhotosListView;
			sourceTree = "<group>";
		};
		9B92648828A5AF0E00B1BA7F /* PhotosListViewModel */ = {
			isa = PBXGroup;
			children = (
				9BACFD1028A9155900FB0153 /* Network Manager.swift */,
				9B92648928A5AF3500B1BA7F /* PhotosListViewModel.swift */,
			);
			path = PhotosListViewModel;
			sourceTree = "<group>";
		};
		9B92648B28A5AF9C00B1BA7F /* PhotosDetails */ = {
			isa = PBXGroup;
			children = (
				9B92648F28A5AFD400B1BA7F /* PhotosDetailsViewModel */,
				9B92648C28A5AFA700B1BA7F /* PhotosDetailsVIew */,
			);
			path = PhotosDetails;
			sourceTree = "<group>";
		};
		9B92648C28A5AFA700B1BA7F /* PhotosDetailsVIew */ = {
			isa = PBXGroup;
			children = (
				9B92648D28A5AFCC00B1BA7F /* PhotosDetails.swift */,
			);
			path = PhotosDetailsVIew;
			sourceTree = "<group>";
		};
		9B92648F28A5AFD400B1BA7F /* PhotosDetailsViewModel */ = {
			isa = PBXGroup;
			children = (
				9B92649028A5AFFD00B1BA7F /* PhotosDetailsViewModel.swift */,
			);
			path = PhotosDetailsViewModel;
			sourceTree = "<group>";
		};
		9B92649228A5B03500B1BA7F /* Views */ = {
			isa = PBXGroup;
			children = (
				9BA6F6AB28A97E2E006E37C7 /* SplashScreen */,
				9B92648B28A5AF9C00B1BA7F /* PhotosDetails */,
				9B92648428A5AEC100B1BA7F /* PhotosList */,
			);
			path = Views;
			sourceTree = "<group>";
		};
		9B92649328A5B04800B1BA7F /* Services */ = {
			isa = PBXGroup;
			children = (
				9B92649F28A5B21700B1BA7F /* CoreDataServices */,
				9B92649428A5B05800B1BA7F /* NetworkLayer */,
			);
			path = Services;
			sourceTree = "<group>";
		};
		9B92649428A5B05800B1BA7F /* NetworkLayer */ = {
			isa = PBXGroup;
			children = (
				9B92649A28A5B13A00B1BA7F /* API Connection */,
				9B92649528A5B0CE00B1BA7F /* Base */,
			);
			path = NetworkLayer;
			sourceTree = "<group>";
		};
		9B92649528A5B0CE00B1BA7F /* Base */ = {
			isa = PBXGroup;
			children = (
				9B92649628A5B0F700B1BA7F /* BaseAPI.swift */,
				9B92649828A5B12E00B1BA7F /* TargetType.swift */,
			);
			path = Base;
			sourceTree = "<group>";
		};
		9B92649A28A5B13A00B1BA7F /* API Connection */ = {
			isa = PBXGroup;
			children = (
				9B92649B28A5B18800B1BA7F /* NetworkRequest.swift */,
				9B92649D28A5B1FA00B1BA7F /* NetworkAPI.swift */,
			);
			path = "API Connection";
			sourceTree = "<group>";
		};
		9B92649F28A5B21700B1BA7F /* CoreDataServices */ = {
			isa = PBXGroup;
			children = (
				9B9264A028A5B29000B1BA7F /* PersistenceController.swift */,
				9B9264A228A5B2BA00B1BA7F /* Stash.xcdatamodeld */,
			);
			path = CoreDataServices;
			sourceTree = "<group>";
		};
		9B9264A528A5B35500B1BA7F /* Model */ = {
			isa = PBXGroup;
			children = (
				9B9264A628A5B36B00B1BA7F /* Photo.swift */,
			);
			path = Model;
			sourceTree = "<group>";
		};
		9B9ECA3F28AC303500E36D3A /* ViewDidLoad */ = {
			isa = PBXGroup;
			children = (
				9B9ECA4028AC304F00E36D3A /* ViewDidLoadModifer.swift */,
			);
			path = ViewDidLoad;
			sourceTree = "<group>";
		};
		9BA6F6AB28A97E2E006E37C7 /* SplashScreen */ = {
			isa = PBXGroup;
			children = (
				9BA6F6AC28A97E64006E37C7 /* SplashScreenView.swift */,
			);
			path = SplashScreen;
			sourceTree = "<group>";
		};
/* End PBXGroup section */

/* Begin PBXNativeTarget section */
		9B92645628A5AE9800B1BA7F /* IntraZeroTask */ = {
			isa = PBXNativeTarget;
			buildConfigurationList = 9B92647B28A5AE9D00B1BA7F /* Build configuration list for PBXNativeTarget "IntraZeroTask" */;
			buildPhases = (
				BDB73A9F819DC95ECD4CB064 /* [CP] Check Pods Manifest.lock */,
				9B92645328A5AE9800B1BA7F /* Sources */,
				9B92645428A5AE9800B1BA7F /* Frameworks */,
				9B92645528A5AE9800B1BA7F /* Resources */,
				15AF4EF9EADC82BFE2DFAFE2 /* [CP] Embed Pods Frameworks */,
			);
			buildRules = (
			);
			dependencies = (
			);
			name = IntraZeroTask;
			productName = IntraZeroTask;
			productReference = 9B92645728A5AE9800B1BA7F /* IntraZeroTask.app */;
			productType = "com.apple.product-type.application";
		};
		9B92646628A5AE9D00B1BA7F /* IntraZeroTaskTests */ = {
			isa = PBXNativeTarget;
			buildConfigurationList = 9B92647E28A5AE9D00B1BA7F /* Build configuration list for PBXNativeTarget "IntraZeroTaskTests" */;
			buildPhases = (
				F0C5354DF6FB2DF3A3C46257 /* [CP] Check Pods Manifest.lock */,
				9B92646328A5AE9D00B1BA7F /* Sources */,
				9B92646428A5AE9D00B1BA7F /* Frameworks */,
				9B92646528A5AE9D00B1BA7F /* Resources */,
			);
			buildRules = (
			);
			dependencies = (
				9B92646928A5AE9D00B1BA7F /* PBXTargetDependency */,
			);
			name = IntraZeroTaskTests;
			productName = IntraZeroTaskTests;
			productReference = 9B92646728A5AE9D00B1BA7F /* IntraZeroTaskTests.xctest */;
			productType = "com.apple.product-type.bundle.unit-test";
		};
		9B92647028A5AE9D00B1BA7F /* IntraZeroTaskUITests */ = {
			isa = PBXNativeTarget;
			buildConfigurationList = 9B92648128A5AE9D00B1BA7F /* Build configuration list for PBXNativeTarget "IntraZeroTaskUITests" */;
			buildPhases = (
				A5FCDF63B50FD358FE4918FF /* [CP] Check Pods Manifest.lock */,
				9B92646D28A5AE9D00B1BA7F /* Sources */,
				9B92646E28A5AE9D00B1BA7F /* Frameworks */,
				9B92646F28A5AE9D00B1BA7F /* Resources */,
				993C5899389454982FE8F68D /* [CP] Embed Pods Frameworks */,
			);
			buildRules = (
			);
			dependencies = (
				9B92647328A5AE9D00B1BA7F /* PBXTargetDependency */,
			);
			name = IntraZeroTaskUITests;
			productName = IntraZeroTaskUITests;
			productReference = 9B92647128A5AE9D00B1BA7F /* IntraZeroTaskUITests.xctest */;
			productType = "com.apple.product-type.bundle.ui-testing";
		};
/* End PBXNativeTarget section */

/* Begin PBXProject section */
		9B92644F28A5AE9800B1BA7F /* Project object */ = {
			isa = PBXProject;
			attributes = {
				BuildIndependentTargetsInParallel = 1;
				LastSwiftUpdateCheck = 1340;
				LastUpgradeCheck = 1340;
				TargetAttributes = {
					9B92645628A5AE9800B1BA7F = {
						CreatedOnToolsVersion = 13.4.1;
					};
					9B92646628A5AE9D00B1BA7F = {
						CreatedOnToolsVersion = 13.4.1;
						TestTargetID = 9B92645628A5AE9800B1BA7F;
					};
					9B92647028A5AE9D00B1BA7F = {
						CreatedOnToolsVersion = 13.4.1;
						TestTargetID = 9B92645628A5AE9800B1BA7F;
					};
				};
			};
			buildConfigurationList = 9B92645228A5AE9800B1BA7F /* Build configuration list for PBXProject "IntraZeroTask" */;
			compatibilityVersion = "Xcode 13.0";
			developmentRegion = en;
			hasScannedForEncodings = 0;
			knownRegions = (
				en,
				Base,
			);
			mainGroup = 9B92644E28A5AE9800B1BA7F;
			productRefGroup = 9B92645828A5AE9800B1BA7F /* Products */;
			projectDirPath = "";
			projectRoot = "";
			targets = (
				9B92645628A5AE9800B1BA7F /* IntraZeroTask */,
				9B92646628A5AE9D00B1BA7F /* IntraZeroTaskTests */,
				9B92647028A5AE9D00B1BA7F /* IntraZeroTaskUITests */,
			);
		};
/* End PBXProject section */

/* Begin PBXResourcesBuildPhase section */
		9B92645528A5AE9800B1BA7F /* Resources */ = {
			isa = PBXResourcesBuildPhase;
			buildActionMask = 2147483647;
			files = (
				9B92646228A5AE9C00B1BA7F /* Preview Assets.xcassets in Resources */,
				9B92645F28A5AE9C00B1BA7F /* Assets.xcassets in Resources */,
			);
			runOnlyForDeploymentPostprocessing = 0;
		};
		9B92646528A5AE9D00B1BA7F /* Resources */ = {
			isa = PBXResourcesBuildPhase;
			buildActionMask = 2147483647;
			files = (
			);
			runOnlyForDeploymentPostprocessing = 0;
		};
		9B92646F28A5AE9D00B1BA7F /* Resources */ = {
			isa = PBXResourcesBuildPhase;
			buildActionMask = 2147483647;
			files = (
			);
			runOnlyForDeploymentPostprocessing = 0;
		};
/* End PBXResourcesBuildPhase section */

/* Begin PBXShellScriptBuildPhase section */
		15AF4EF9EADC82BFE2DFAFE2 /* [CP] Embed Pods Frameworks */ = {
			isa = PBXShellScriptBuildPhase;
			buildActionMask = 2147483647;
			files = (
			);
			inputFileListPaths = (
				"${PODS_ROOT}/Target Support Files/Pods-IntraZeroTask/Pods-IntraZeroTask-frameworks-${CONFIGURATION}-input-files.xcfilelist",
			);
			name = "[CP] Embed Pods Frameworks";
			outputFileListPaths = (
				"${PODS_ROOT}/Target Support Files/Pods-IntraZeroTask/Pods-IntraZeroTask-frameworks-${CONFIGURATION}-output-files.xcfilelist",
			);
			runOnlyForDeploymentPostprocessing = 0;
			shellPath = /bin/sh;
			shellScript = "\"${PODS_ROOT}/Target Support Files/Pods-IntraZeroTask/Pods-IntraZeroTask-frameworks.sh\"\n";
			showEnvVarsInLog = 0;
		};
		993C5899389454982FE8F68D /* [CP] Embed Pods Frameworks */ = {
			isa = PBXShellScriptBuildPhase;
			buildActionMask = 2147483647;
			files = (
			);
			inputFileListPaths = (
				"${PODS_ROOT}/Target Support Files/Pods-IntraZeroTask-IntraZeroTaskUITests/Pods-IntraZeroTask-IntraZeroTaskUITests-frameworks-${CONFIGURATION}-input-files.xcfilelist",
			);
			name = "[CP] Embed Pods Frameworks";
			outputFileListPaths = (
				"${PODS_ROOT}/Target Support Files/Pods-IntraZeroTask-IntraZeroTaskUITests/Pods-IntraZeroTask-IntraZeroTaskUITests-frameworks-${CONFIGURATION}-output-files.xcfilelist",
			);
			runOnlyForDeploymentPostprocessing = 0;
			shellPath = /bin/sh;
			shellScript = "\"${PODS_ROOT}/Target Support Files/Pods-IntraZeroTask-IntraZeroTaskUITests/Pods-IntraZeroTask-IntraZeroTaskUITests-frameworks.sh\"\n";
			showEnvVarsInLog = 0;
		};
		A5FCDF63B50FD358FE4918FF /* [CP] Check Pods Manifest.lock */ = {
			isa = PBXShellScriptBuildPhase;
			buildActionMask = 2147483647;
			files = (
			);
			inputFileListPaths = (
			);
			inputPaths = (
				"${PODS_PODFILE_DIR_PATH}/Podfile.lock",
				"${PODS_ROOT}/Manifest.lock",
			);
			name = "[CP] Check Pods Manifest.lock";
			outputFileListPaths = (
			);
			outputPaths = (
				"$(DERIVED_FILE_DIR)/Pods-IntraZeroTask-IntraZeroTaskUITests-checkManifestLockResult.txt",
			);
			runOnlyForDeploymentPostprocessing = 0;
			shellPath = /bin/sh;
			shellScript = "diff \"${PODS_PODFILE_DIR_PATH}/Podfile.lock\" \"${PODS_ROOT}/Manifest.lock\" > /dev/null\nif [ $? != 0 ] ; then\n    # print error to STDERR\n    echo \"error: The sandbox is not in sync with the Podfile.lock. Run 'pod install' or update your CocoaPods installation.\" >&2\n    exit 1\nfi\n# This output is used by Xcode 'outputs' to avoid re-running this script phase.\necho \"SUCCESS\" > \"${SCRIPT_OUTPUT_FILE_0}\"\n";
			showEnvVarsInLog = 0;
		};
		BDB73A9F819DC95ECD4CB064 /* [CP] Check Pods Manifest.lock */ = {
			isa = PBXShellScriptBuildPhase;
			buildActionMask = 2147483647;
			files = (
			);
			inputFileListPaths = (
			);
			inputPaths = (
				"${PODS_PODFILE_DIR_PATH}/Podfile.lock",
				"${PODS_ROOT}/Manifest.lock",
			);
			name = "[CP] Check Pods Manifest.lock";
			outputFileListPaths = (
			);
			outputPaths = (
				"$(DERIVED_FILE_DIR)/Pods-IntraZeroTask-checkManifestLockResult.txt",
			);
			runOnlyForDeploymentPostprocessing = 0;
			shellPath = /bin/sh;
			shellScript = "diff \"${PODS_PODFILE_DIR_PATH}/Podfile.lock\" \"${PODS_ROOT}/Manifest.lock\" > /dev/null\nif [ $? != 0 ] ; then\n    # print error to STDERR\n    echo \"error: The sandbox is not in sync with the Podfile.lock. Run 'pod install' or update your CocoaPods installation.\" >&2\n    exit 1\nfi\n# This output is used by Xcode 'outputs' to avoid re-running this script phase.\necho \"SUCCESS\" > \"${SCRIPT_OUTPUT_FILE_0}\"\n";
			showEnvVarsInLog = 0;
		};
		F0C5354DF6FB2DF3A3C46257 /* [CP] Check Pods Manifest.lock */ = {
			isa = PBXShellScriptBuildPhase;
			buildActionMask = 2147483647;
			files = (
			);
			inputFileListPaths = (
			);
			inputPaths = (
				"${PODS_PODFILE_DIR_PATH}/Podfile.lock",
				"${PODS_ROOT}/Manifest.lock",
			);
			name = "[CP] Check Pods Manifest.lock";
			outputFileListPaths = (
			);
			outputPaths = (
				"$(DERIVED_FILE_DIR)/Pods-IntraZeroTaskTests-checkManifestLockResult.txt",
			);
			runOnlyForDeploymentPostprocessing = 0;
			shellPath = /bin/sh;
			shellScript = "diff \"${PODS_PODFILE_DIR_PATH}/Podfile.lock\" \"${PODS_ROOT}/Manifest.lock\" > /dev/null\nif [ $? != 0 ] ; then\n    # print error to STDERR\n    echo \"error: The sandbox is not in sync with the Podfile.lock. Run 'pod install' or update your CocoaPods installation.\" >&2\n    exit 1\nfi\n# This output is used by Xcode 'outputs' to avoid re-running this script phase.\necho \"SUCCESS\" > \"${SCRIPT_OUTPUT_FILE_0}\"\n";
			showEnvVarsInLog = 0;
		};
/* End PBXShellScriptBuildPhase section */

/* Begin PBXSourcesBuildPhase section */
		9B92645328A5AE9800B1BA7F /* Sources */ = {
			isa = PBXSourcesBuildPhase;
			buildActionMask = 2147483647;
			files = (
				9B92645D28A5AE9800B1BA7F /* ContentView.swift in Sources */,
				9B92649E28A5B1FA00B1BA7F /* NetworkAPI.swift in Sources */,
				9B92648A28A5AF3500B1BA7F /* PhotosListViewModel.swift in Sources */,
				9B92645B28A5AE9800B1BA7F /* IntraZeroTaskApp.swift in Sources */,
				9B9264A128A5B29000B1BA7F /* PersistenceController.swift in Sources */,
				9B92648E28A5AFCC00B1BA7F /* PhotosDetails.swift in Sources */,
				9B9264A728A5B36B00B1BA7F /* Photo.swift in Sources */,
				9BA6F6AD28A97E64006E37C7 /* SplashScreenView.swift in Sources */,
				9BACFD1128A9155900FB0153 /* Network Manager.swift in Sources */,
				9BACFD1628A9721900FB0153 /* advertisingView.swift in Sources */,
				9B92649928A5B12E00B1BA7F /* TargetType.swift in Sources */,
				9B92648728A5AF0300B1BA7F /* PhotoListView.swift in Sources */,
				9B92649128A5AFFD00B1BA7F /* PhotosDetailsViewModel.swift in Sources */,
				9B9264A428A5B2BA00B1BA7F /* Stash.xcdatamodeld in Sources */,
				9B92649C28A5B18800B1BA7F /* NetworkRequest.swift in Sources */,
				9B6BBFFF28AD3FC600FB597C /* DependencyProvider.swift in Sources */,
				9B9ECA4128AC304F00E36D3A /* ViewDidLoadModifer.swift in Sources */,
				9B92649728A5B0F700B1BA7F /* BaseAPI.swift in Sources */,
			);
			runOnlyForDeploymentPostprocessing = 0;
		};
		9B92646328A5AE9D00B1BA7F /* Sources */ = {
			isa = PBXSourcesBuildPhase;
			buildActionMask = 2147483647;
			files = (
				9B92646C28A5AE9D00B1BA7F /* IntraZeroTaskTests.swift in Sources */,
			);
			runOnlyForDeploymentPostprocessing = 0;
		};
		9B92646D28A5AE9D00B1BA7F /* Sources */ = {
			isa = PBXSourcesBuildPhase;
			buildActionMask = 2147483647;
			files = (
				9B92647828A5AE9D00B1BA7F /* IntraZeroTaskUITestsLaunchTests.swift in Sources */,
				9B92647628A5AE9D00B1BA7F /* IntraZeroTaskUITests.swift in Sources */,
			);
			runOnlyForDeploymentPostprocessing = 0;
		};
/* End PBXSourcesBuildPhase section */

/* Begin PBXTargetDependency section */
		9B92646928A5AE9D00B1BA7F /* PBXTargetDependency */ = {
			isa = PBXTargetDependency;
			target = 9B92645628A5AE9800B1BA7F /* IntraZeroTask */;
			targetProxy = 9B92646828A5AE9D00B1BA7F /* PBXContainerItemProxy */;
		};
		9B92647328A5AE9D00B1BA7F /* PBXTargetDependency */ = {
			isa = PBXTargetDependency;
			target = 9B92645628A5AE9800B1BA7F /* IntraZeroTask */;
			targetProxy = 9B92647228A5AE9D00B1BA7F /* PBXContainerItemProxy */;
		};
/* End PBXTargetDependency section */

/* Begin XCBuildConfiguration section */
		9B92647928A5AE9D00B1BA7F /* Debug */ = {
			isa = XCBuildConfiguration;
			buildSettings = {
				ALWAYS_SEARCH_USER_PATHS = NO;
				CLANG_ANALYZER_NONNULL = YES;
				CLANG_ANALYZER_NUMBER_OBJECT_CONVERSION = YES_AGGRESSIVE;
				CLANG_CXX_LANGUAGE_STANDARD = "gnu++17";
				CLANG_ENABLE_MODULES = YES;
				CLANG_ENABLE_OBJC_ARC = YES;
				CLANG_ENABLE_OBJC_WEAK = YES;
				CLANG_WARN_BLOCK_CAPTURE_AUTORELEASING = YES;
				CLANG_WARN_BOOL_CONVERSION = YES;
				CLANG_WARN_COMMA = YES;
				CLANG_WARN_CONSTANT_CONVERSION = YES;
				CLANG_WARN_DEPRECATED_OBJC_IMPLEMENTATIONS = YES;
				CLANG_WARN_DIRECT_OBJC_ISA_USAGE = YES_ERROR;
				CLANG_WARN_DOCUMENTATION_COMMENTS = YES;
				CLANG_WARN_EMPTY_BODY = YES;
				CLANG_WARN_ENUM_CONVERSION = YES;
				CLANG_WARN_INFINITE_RECURSION = YES;
				CLANG_WARN_INT_CONVERSION = YES;
				CLANG_WARN_NON_LITERAL_NULL_CONVERSION = YES;
				CLANG_WARN_OBJC_IMPLICIT_RETAIN_SELF = YES;
				CLANG_WARN_OBJC_LITERAL_CONVERSION = YES;
				CLANG_WARN_OBJC_ROOT_CLASS = YES_ERROR;
				CLANG_WARN_QUOTED_INCLUDE_IN_FRAMEWORK_HEADER = YES;
				CLANG_WARN_RANGE_LOOP_ANALYSIS = YES;
				CLANG_WARN_STRICT_PROTOTYPES = YES;
				CLANG_WARN_SUSPICIOUS_MOVE = YES;
				CLANG_WARN_UNGUARDED_AVAILABILITY = YES_AGGRESSIVE;
				CLANG_WARN_UNREACHABLE_CODE = YES;
				CLANG_WARN__DUPLICATE_METHOD_MATCH = YES;
				COPY_PHASE_STRIP = NO;
				DEBUG_INFORMATION_FORMAT = dwarf;
				ENABLE_STRICT_OBJC_MSGSEND = YES;
				ENABLE_TESTABILITY = YES;
				GCC_C_LANGUAGE_STANDARD = gnu11;
				GCC_DYNAMIC_NO_PIC = NO;
				GCC_NO_COMMON_BLOCKS = YES;
				GCC_OPTIMIZATION_LEVEL = 0;
				GCC_PREPROCESSOR_DEFINITIONS = (
					"DEBUG=1",
					"$(inherited)",
				);
				GCC_WARN_64_TO_32_BIT_CONVERSION = YES;
				GCC_WARN_ABOUT_RETURN_TYPE = YES_ERROR;
				GCC_WARN_UNDECLARED_SELECTOR = YES;
				GCC_WARN_UNINITIALIZED_AUTOS = YES_AGGRESSIVE;
				GCC_WARN_UNUSED_FUNCTION = YES;
				GCC_WARN_UNUSED_VARIABLE = YES;
				IPHONEOS_DEPLOYMENT_TARGET = 15.5;
				MTL_ENABLE_DEBUG_INFO = INCLUDE_SOURCE;
				MTL_FAST_MATH = YES;
				ONLY_ACTIVE_ARCH = YES;
				SDKROOT = iphoneos;
				SWIFT_ACTIVE_COMPILATION_CONDITIONS = DEBUG;
				SWIFT_OPTIMIZATION_LEVEL = "-Onone";
			};
			name = Debug;
		};
		9B92647A28A5AE9D00B1BA7F /* Release */ = {
			isa = XCBuildConfiguration;
			buildSettings = {
				ALWAYS_SEARCH_USER_PATHS = NO;
				CLANG_ANALYZER_NONNULL = YES;
				CLANG_ANALYZER_NUMBER_OBJECT_CONVERSION = YES_AGGRESSIVE;
				CLANG_CXX_LANGUAGE_STANDARD = "gnu++17";
				CLANG_ENABLE_MODULES = YES;
				CLANG_ENABLE_OBJC_ARC = YES;
				CLANG_ENABLE_OBJC_WEAK = YES;
				CLANG_WARN_BLOCK_CAPTURE_AUTORELEASING = YES;
				CLANG_WARN_BOOL_CONVERSION = YES;
				CLANG_WARN_COMMA = YES;
				CLANG_WARN_CONSTANT_CONVERSION = YES;
				CLANG_WARN_DEPRECATED_OBJC_IMPLEMENTATIONS = YES;
				CLANG_WARN_DIRECT_OBJC_ISA_USAGE = YES_ERROR;
				CLANG_WARN_DOCUMENTATION_COMMENTS = YES;
				CLANG_WARN_EMPTY_BODY = YES;
				CLANG_WARN_ENUM_CONVERSION = YES;
				CLANG_WARN_INFINITE_RECURSION = YES;
				CLANG_WARN_INT_CONVERSION = YES;
				CLANG_WARN_NON_LITERAL_NULL_CONVERSION = YES;
				CLANG_WARN_OBJC_IMPLICIT_RETAIN_SELF = YES;
				CLANG_WARN_OBJC_LITERAL_CONVERSION = YES;
				CLANG_WARN_OBJC_ROOT_CLASS = YES_ERROR;
				CLANG_WARN_QUOTED_INCLUDE_IN_FRAMEWORK_HEADER = YES;
				CLANG_WARN_RANGE_LOOP_ANALYSIS = YES;
				CLANG_WARN_STRICT_PROTOTYPES = YES;
				CLANG_WARN_SUSPICIOUS_MOVE = YES;
				CLANG_WARN_UNGUARDED_AVAILABILITY = YES_AGGRESSIVE;
				CLANG_WARN_UNREACHABLE_CODE = YES;
				CLANG_WARN__DUPLICATE_METHOD_MATCH = YES;
				COPY_PHASE_STRIP = NO;
				DEBUG_INFORMATION_FORMAT = "dwarf-with-dsym";
				ENABLE_NS_ASSERTIONS = NO;
				ENABLE_STRICT_OBJC_MSGSEND = YES;
				GCC_C_LANGUAGE_STANDARD = gnu11;
				GCC_NO_COMMON_BLOCKS = YES;
				GCC_WARN_64_TO_32_BIT_CONVERSION = YES;
				GCC_WARN_ABOUT_RETURN_TYPE = YES_ERROR;
				GCC_WARN_UNDECLARED_SELECTOR = YES;
				GCC_WARN_UNINITIALIZED_AUTOS = YES_AGGRESSIVE;
				GCC_WARN_UNUSED_FUNCTION = YES;
				GCC_WARN_UNUSED_VARIABLE = YES;
				IPHONEOS_DEPLOYMENT_TARGET = 15.5;
				MTL_ENABLE_DEBUG_INFO = NO;
				MTL_FAST_MATH = YES;
				SDKROOT = iphoneos;
				SWIFT_COMPILATION_MODE = wholemodule;
				SWIFT_OPTIMIZATION_LEVEL = "-O";
				VALIDATE_PRODUCT = YES;
			};
			name = Release;
		};
		9B92647C28A5AE9D00B1BA7F /* Debug */ = {
			isa = XCBuildConfiguration;
			baseConfigurationReference = 54B538F0F4B6D92D16FCF38F /* Pods-IntraZeroTask.debug.xcconfig */;
			buildSettings = {
				ASSETCATALOG_COMPILER_APPICON_NAME = AppIcon;
				ASSETCATALOG_COMPILER_GLOBAL_ACCENT_COLOR_NAME = AccentColor;
				CODE_SIGN_STYLE = Automatic;
				CURRENT_PROJECT_VERSION = 1;
				DEVELOPMENT_ASSET_PATHS = "\"IntraZeroTask/Preview Content\"";
				ENABLE_PREVIEWS = YES;
				GENERATE_INFOPLIST_FILE = YES;
				INFOPLIST_KEY_UIApplicationSceneManifest_Generation = YES;
				INFOPLIST_KEY_UIApplicationSupportsIndirectInputEvents = YES;
				INFOPLIST_KEY_UILaunchScreen_Generation = YES;
				INFOPLIST_KEY_UISupportedInterfaceOrientations_iPad = "UIInterfaceOrientationPortrait UIInterfaceOrientationPortraitUpsideDown UIInterfaceOrientationLandscapeLeft UIInterfaceOrientationLandscapeRight";
				INFOPLIST_KEY_UISupportedInterfaceOrientations_iPhone = "UIInterfaceOrientationPortrait UIInterfaceOrientationLandscapeLeft UIInterfaceOrientationLandscapeRight";
				LD_RUNPATH_SEARCH_PATHS = (
					"$(inherited)",
					"@executable_path/Frameworks",
				);
				MARKETING_VERSION = 1.0;
				PRODUCT_BUNDLE_IDENTIFIER = Iti.IntraZeroTask;
				PRODUCT_NAME = "$(TARGET_NAME)";
				SWIFT_EMIT_LOC_STRINGS = YES;
				SWIFT_VERSION = 5.0;
				TARGETED_DEVICE_FAMILY = "1,2";
			};
			name = Debug;
		};
		9B92647D28A5AE9D00B1BA7F /* Release */ = {
			isa = XCBuildConfiguration;
			baseConfigurationReference = 45EC032F94BC02CE07A7B134 /* Pods-IntraZeroTask.release.xcconfig */;
			buildSettings = {
				ASSETCATALOG_COMPILER_APPICON_NAME = AppIcon;
				ASSETCATALOG_COMPILER_GLOBAL_ACCENT_COLOR_NAME = AccentColor;
				CODE_SIGN_STYLE = Automatic;
				CURRENT_PROJECT_VERSION = 1;
				DEVELOPMENT_ASSET_PATHS = "\"IntraZeroTask/Preview Content\"";
				ENABLE_PREVIEWS = YES;
				GENERATE_INFOPLIST_FILE = YES;
				INFOPLIST_KEY_UIApplicationSceneManifest_Generation = YES;
				INFOPLIST_KEY_UIApplicationSupportsIndirectInputEvents = YES;
				INFOPLIST_KEY_UILaunchScreen_Generation = YES;
				INFOPLIST_KEY_UISupportedInterfaceOrientations_iPad = "UIInterfaceOrientationPortrait UIInterfaceOrientationPortraitUpsideDown UIInterfaceOrientationLandscapeLeft UIInterfaceOrientationLandscapeRight";
				INFOPLIST_KEY_UISupportedInterfaceOrientations_iPhone = "UIInterfaceOrientationPortrait UIInterfaceOrientationLandscapeLeft UIInterfaceOrientationLandscapeRight";
				LD_RUNPATH_SEARCH_PATHS = (
					"$(inherited)",
					"@executable_path/Frameworks",
				);
				MARKETING_VERSION = 1.0;
				PRODUCT_BUNDLE_IDENTIFIER = Iti.IntraZeroTask;
				PRODUCT_NAME = "$(TARGET_NAME)";
				SWIFT_EMIT_LOC_STRINGS = YES;
				SWIFT_VERSION = 5.0;
				TARGETED_DEVICE_FAMILY = "1,2";
			};
			name = Release;
		};
		9B92647F28A5AE9D00B1BA7F /* Debug */ = {
			isa = XCBuildConfiguration;
			baseConfigurationReference = 3479A6BDBF8C3D55C0FE580B /* Pods-IntraZeroTaskTests.debug.xcconfig */;
			buildSettings = {
				ALWAYS_EMBED_SWIFT_STANDARD_LIBRARIES = YES;
				BUNDLE_LOADER = "$(TEST_HOST)";
				CODE_SIGN_STYLE = Automatic;
				CURRENT_PROJECT_VERSION = 1;
				GENERATE_INFOPLIST_FILE = YES;
				IPHONEOS_DEPLOYMENT_TARGET = 15.5;
				MARKETING_VERSION = 1.0;
				PRODUCT_BUNDLE_IDENTIFIER = Iti.IntraZeroTaskTests;
				PRODUCT_NAME = "$(TARGET_NAME)";
				SWIFT_EMIT_LOC_STRINGS = NO;
				SWIFT_VERSION = 5.0;
				TARGETED_DEVICE_FAMILY = "1,2";
				TEST_HOST = "$(BUILT_PRODUCTS_DIR)/IntraZeroTask.app/IntraZeroTask";
			};
			name = Debug;
		};
		9B92648028A5AE9D00B1BA7F /* Release */ = {
			isa = XCBuildConfiguration;
			baseConfigurationReference = 9F52803DE794A69CB9EE4729 /* Pods-IntraZeroTaskTests.release.xcconfig */;
			buildSettings = {
				ALWAYS_EMBED_SWIFT_STANDARD_LIBRARIES = YES;
				BUNDLE_LOADER = "$(TEST_HOST)";
				CODE_SIGN_STYLE = Automatic;
				CURRENT_PROJECT_VERSION = 1;
				GENERATE_INFOPLIST_FILE = YES;
				IPHONEOS_DEPLOYMENT_TARGET = 15.5;
				MARKETING_VERSION = 1.0;
				PRODUCT_BUNDLE_IDENTIFIER = Iti.IntraZeroTaskTests;
				PRODUCT_NAME = "$(TARGET_NAME)";
				SWIFT_EMIT_LOC_STRINGS = NO;
				SWIFT_VERSION = 5.0;
				TARGETED_DEVICE_FAMILY = "1,2";
				TEST_HOST = "$(BUILT_PRODUCTS_DIR)/IntraZeroTask.app/IntraZeroTask";
			};
			name = Release;
		};
		9B92648228A5AE9D00B1BA7F /* Debug */ = {
			isa = XCBuildConfiguration;
			baseConfigurationReference = 3AC0E44EF6199E6F65EF37BE /* Pods-IntraZeroTask-IntraZeroTaskUITests.debug.xcconfig */;
			buildSettings = {
				ALWAYS_EMBED_SWIFT_STANDARD_LIBRARIES = YES;
				CODE_SIGN_STYLE = Automatic;
				CURRENT_PROJECT_VERSION = 1;
				GENERATE_INFOPLIST_FILE = YES;
				MARKETING_VERSION = 1.0;
				PRODUCT_BUNDLE_IDENTIFIER = Iti.IntraZeroTaskUITests;
				PRODUCT_NAME = "$(TARGET_NAME)";
				SWIFT_EMIT_LOC_STRINGS = NO;
				SWIFT_VERSION = 5.0;
				TARGETED_DEVICE_FAMILY = "1,2";
				TEST_TARGET_NAME = IntraZeroTask;
			};
			name = Debug;
		};
		9B92648328A5AE9D00B1BA7F /* Release */ = {
			isa = XCBuildConfiguration;
			baseConfigurationReference = E1DF6CA0A9163A92456C4932 /* Pods-IntraZeroTask-IntraZeroTaskUITests.release.xcconfig */;
			buildSettings = {
				ALWAYS_EMBED_SWIFT_STANDARD_LIBRARIES = YES;
				CODE_SIGN_STYLE = Automatic;
				CURRENT_PROJECT_VERSION = 1;
				GENERATE_INFOPLIST_FILE = YES;
				MARKETING_VERSION = 1.0;
				PRODUCT_BUNDLE_IDENTIFIER = Iti.IntraZeroTaskUITests;
				PRODUCT_NAME = "$(TARGET_NAME)";
				SWIFT_EMIT_LOC_STRINGS = NO;
				SWIFT_VERSION = 5.0;
				TARGETED_DEVICE_FAMILY = "1,2";
				TEST_TARGET_NAME = IntraZeroTask;
			};
			name = Release;
		};
/* End XCBuildConfiguration section */

/* Begin XCConfigurationList section */
		9B92645228A5AE9800B1BA7F /* Build configuration list for PBXProject "IntraZeroTask" */ = {
			isa = XCConfigurationList;
			buildConfigurations = (
				9B92647928A5AE9D00B1BA7F /* Debug */,
				9B92647A28A5AE9D00B1BA7F /* Release */,
			);
			defaultConfigurationIsVisible = 0;
			defaultConfigurationName = Release;
		};
		9B92647B28A5AE9D00B1BA7F /* Build configuration list for PBXNativeTarget "IntraZeroTask" */ = {
			isa = XCConfigurationList;
			buildConfigurations = (
				9B92647C28A5AE9D00B1BA7F /* Debug */,
				9B92647D28A5AE9D00B1BA7F /* Release */,
			);
			defaultConfigurationIsVisible = 0;
			defaultConfigurationName = Release;
		};
		9B92647E28A5AE9D00B1BA7F /* Build configuration list for PBXNativeTarget "IntraZeroTaskTests" */ = {
			isa = XCConfigurationList;
			buildConfigurations = (
				9B92647F28A5AE9D00B1BA7F /* Debug */,
				9B92648028A5AE9D00B1BA7F /* Release */,
			);
			defaultConfigurationIsVisible = 0;
			defaultConfigurationName = Release;
		};
		9B92648128A5AE9D00B1BA7F /* Build configuration list for PBXNativeTarget "IntraZeroTaskUITests" */ = {
			isa = XCConfigurationList;
			buildConfigurations = (
				9B92648228A5AE9D00B1BA7F /* Debug */,
				9B92648328A5AE9D00B1BA7F /* Release */,
			);
			defaultConfigurationIsVisible = 0;
			defaultConfigurationName = Release;
		};
/* End XCConfigurationList section */

/* Begin XCVersionGroup section */
		9B9264A228A5B2BA00B1BA7F /* Stash.xcdatamodeld */ = {
			isa = XCVersionGroup;
			children = (
				9B9264A328A5B2BA00B1BA7F /* Stash.xcdatamodel */,
			);
			currentVersion = 9B9264A328A5B2BA00B1BA7F /* Stash.xcdatamodel */;
			path = Stash.xcdatamodeld;
			sourceTree = "<group>";
			versionGroupType = wrapper.xcdatamodel;
		};
/* End XCVersionGroup section */
	};
	rootObject = 9B92644F28A5AE9800B1BA7F /* Project object */;
}
